
Microsoft Visual Studio Solution File, Format Version 12.00
# Visual Studio Version 16
VisualStudioVersion = 16.0.29709.97
MinimumVisualStudioVersion = 10.0.40219.1
Project("{9A19103F-16F7-4668-BE54-9A1E7A4F7556}") = "CoreApiAzure", "CoreApiAzure.csproj", "{9477CF92-2BC6-4D44-96F7-48CAF3621571}"
EndProject
Project("{FAE04EC0-301F-11D3-BF4B-00C04F79EFBC}") = "Api.Library", "..\Api.Library\Api.Library.csproj", "{C8230816-EA71-4F92-A359-FED27576D5D5}"
EndProject
Global
	GlobalSection(SolutionConfigurationPlatforms) = preSolution
		Debug|Any CPU = Debug|Any CPU
		Release|Any CPU = Release|Any CPU
	EndGlobalSection
	GlobalSection(ProjectConfigurationPlatforms) = postSolution
		{9477CF92-2BC6-4D44-96F7-48CAF3621571}.Debug|Any CPU.ActiveCfg = Debug|Any CPU
		{9477CF92-2BC6-4D44-96F7-48CAF3621571}.Debug|Any CPU.Build.0 = Debug|Any CPU
		{9477CF92-2BC6-4D44-96F7-48CAF3621571}.Release|Any CPU.ActiveCfg = Release|Any CPU
		{9477CF92-2BC6-4D44-96F7-48CAF3621571}.Release|Any CPU.Build.0 = Release|Any CPU
		{C8230816-EA71-4F92-A359-FED27576D5D5}.Debug|Any CPU.ActiveCfg = Debug|Any CPU
		{C8230816-EA71-4F92-A359-FED27576D5D5}.Debug|Any CPU.Build.0 = Debug|Any CPU
		{C8230816-EA71-4F92-A359-FED27576D5D5}.Release|Any CPU.ActiveCfg = Release|Any CPU
		{C8230816-EA71-4F92-A359-FED27576D5D5}.Release|Any CPU.Build.0 = Release|Any CPU
	EndGlobalSection
	GlobalSection(SolutionProperties) = preSolution
		HideSolutionNode = FALSE
	EndGlobalSection
	GlobalSection(ExtensibilityGlobals) = postSolution
		SolutionGuid = {3166A8A5-BD10-496A-9ABB-010B32CA9663}
	EndGlobalSection
EndGlobal
